{
  "version": "3",
  "redirects": {
    "https://deno.land/x/gotrue/mod.ts": "https://deno.land/x/gotrue@3.0.0/mod.ts",
    "https://deno.land/x/postgrest/mod.ts": "https://deno.land/x/postgrest@1.1.0/mod.ts",
    "https://deno.land/x/realtime/mod.ts": "https://deno.land/x/realtime@1.2.0/mod.ts",
    "https://deno.land/x/storagee/mod.ts": "https://deno.land/x/storagee@1.3.0/mod.ts"
  },
  "remote": {
    "https://deno.land/std@0.113.0/_util/assert.ts": "2f868145a042a11d5ad0a3c748dcf580add8a0dbc0e876eaa0026303a5488f58",
    "https://deno.land/std@0.113.0/bytes/bytes_list.ts": "3bff6a09c72b2e0b1e92e29bd3b135053894196cca07a2bba842901073efe5cb",
    "https://deno.land/std@0.113.0/bytes/equals.ts": "69f55fdbd45c71f920c1a621e6c0865dc780cd8ae34e0f5e55a9497b70c31c1b",
    "https://deno.land/std@0.113.0/bytes/mod.ts": "fedb80b8da2e7ad8dd251148e65f92a04c73d6c5a430b7d197dc39588c8dda6f",
    "https://deno.land/std@0.113.0/fmt/colors.ts": "8368ddf2d48dfe413ffd04cdbb7ae6a1009cf0dccc9c7ff1d76259d9c61a0621",
    "https://deno.land/std@0.113.0/io/buffer.ts": "a587093277c889ded709a933cd7d5b6285978275b2015a7cf9c8a3caad464236",
    "https://deno.land/std@0.113.0/io/files.ts": "8794bf6014e6f3183fc5433926dfef4a50eb8d3ec3b6736ebb4277e5f0ce3420",
    "https://deno.land/std@0.113.0/io/mod.ts": "15804a7fe4d00c3a8c3ffa281845a2d0341414336d5c10e668d1a1c8ecec4114",
    "https://deno.land/std@0.113.0/io/readers.ts": "17403919724fef2f343c88555606368868a5c752a1099ad801f6a381c170f62d",
    "https://deno.land/std@0.113.0/io/streams.ts": "531a435ca1b3586e113151fbbd28f225720f4836f6002650b1ad4b18fb63ac1b",
    "https://deno.land/std@0.113.0/io/util.ts": "419c0c176b743709cd1a7f41326b619d1575dddbaebe89d8a70718ca9f03487e",
    "https://deno.land/std@0.113.0/io/writers.ts": "10067b4e637c602c0ae6bb3b8285da76edeb988f43add4ec4b969c76e17d8a98",
    "https://deno.land/std@0.113.0/streams/conversion.ts": "fe0059ed9d3c53eda4ba44eb71a6a9acb98c5fdb5ba1b6c6ab28004724c7641b",
    "https://deno.land/std@0.113.0/testing/_diff.ts": "ccd6c3af6e44c74bf1591acb1361995f5f50df64323a6e7fb3f16c8ea792c940",
    "https://deno.land/std@0.113.0/testing/asserts.ts": "550c71c634c608cffabf9e50520435cf03ff4bbd1db1253b0ade4debb444b131",
    "https://deno.land/std@0.168.0/async/abortable.ts": "80b2ac399f142cc528f95a037a7d0e653296352d95c681e284533765961de409",
    "https://deno.land/std@0.168.0/async/deadline.ts": "2c2deb53c7c28ca1dda7a3ad81e70508b1ebc25db52559de6b8636c9278fd41f",
    "https://deno.land/std@0.168.0/async/debounce.ts": "60301ffb37e730cd2d6f9dadfd0ecb2a38857681bd7aaf6b0a106b06e5210a98",
    "https://deno.land/std@0.168.0/async/deferred.ts": "77d3f84255c3627f1cc88699d8472b664d7635990d5358c4351623e098e917d6",
    "https://deno.land/std@0.168.0/async/delay.ts": "5a9bfba8de38840308a7a33786a0155a7f6c1f7a859558ddcec5fe06e16daf57",
    "https://deno.land/std@0.168.0/async/mod.ts": "7809ad4bb223e40f5fdc043e5c7ca04e0e25eed35c32c3c32e28697c553fa6d9",
    "https://deno.land/std@0.168.0/async/mux_async_iterator.ts": "770a0ff26c59f8bbbda6b703a2235f04e379f73238e8d66a087edc68c2a2c35f",
    "https://deno.land/std@0.168.0/async/pool.ts": "6854d8cd675a74c73391c82005cbbe4cc58183bddcd1fbbd7c2bcda42b61cf69",
    "https://deno.land/std@0.168.0/async/retry.ts": "e8e5173623915bbc0ddc537698fa418cf875456c347eda1ed453528645b42e67",
    "https://deno.land/std@0.168.0/async/tee.ts": "3a47cc4e9a940904fd4341f0224907e199121c80b831faa5ec2b054c6d2eff5e",
    "https://deno.land/std@0.168.0/http/server.ts": "e99c1bee8a3f6571ee4cdeb2966efad465b8f6fe62bec1bdb59c1f007cc4d155",
    "https://deno.land/x/gotrue@3.0.0/mod.ts": "878db4a2be913f69d5c0fd553888b60f34c62841ad051bd4a5144ec813f8f3f3",
    "https://deno.land/x/gotrue@3.0.0/src/GoTrueApi.ts": "311a89687b560e70ad510380c16264a30703bc646028af004c0d422ed05d468e",
    "https://deno.land/x/gotrue@3.0.0/src/GoTrueClient.ts": "b93bf389cdfdc006f3d19871d3c55d68d6f7391cc4f4eb545cb41244595bb1e3",
    "https://deno.land/x/gotrue@3.0.0/src/index.ts": "e265079e69832bd355eb860f92bcde71df7bf4448db90ee741af7a40e96e371f",
    "https://deno.land/x/gotrue@3.0.0/src/lib/constants.ts": "99fe1f45b74943e73f123766f210f0b4ce46671c279d8f7a30c1d8943f0fdbb7",
    "https://deno.land/x/gotrue@3.0.0/src/lib/cookies.ts": "ef8d1ca008be5773a2f2e5d56a47cbc4b23d102cd525360fe3677fe331cd7392",
    "https://deno.land/x/gotrue@3.0.0/src/lib/fetch.ts": "c0faad273e3fbb2e2fde34c3cd24ba3fd4863133547f0b5e7ebf3434fa50ae37",
    "https://deno.land/x/gotrue@3.0.0/src/lib/helpers.ts": "f00d0205d0f6ba689e30112df0daf99813c627588ffd00a47a72558ff807ee5d",
    "https://deno.land/x/gotrue@3.0.0/src/lib/polyfills.ts": "b9763999b65aa7a8f6929fce91f7da7084544891ea0428692e7d7ba055127f40",
    "https://deno.land/x/gotrue@3.0.0/src/lib/types.ts": "a0d54dff78e6d067e630cf9c369879169debfe408488b2f87a47674749479ec5",
    "https://deno.land/x/postgrest@1.1.0/mod.ts": "f9083310fb2a7a277a12ca55969a89e176d6c74e73c08e72e269d2b5001cb29e",
    "https://deno.land/x/postgrest@1.1.0/src/PostgrestClient.ts": "28e6e6ee086f9d747c787019151291ba1415319ea611612bd1c484c9e6c5c38b",
    "https://deno.land/x/postgrest@1.1.0/src/lib/PostgrestFilterBuilder.ts": "c1b96f3f33623d7a41f176ca5f1cd202d858375941abc7e545e63056ccac0aef",
    "https://deno.land/x/postgrest@1.1.0/src/lib/PostgrestQueryBuilder.ts": "5c3df0b7a048b6c8a0b369d5969dd462244639ad90b8f0e5d34dd36573cc512c",
    "https://deno.land/x/postgrest@1.1.0/src/lib/PostgrestRpcBuilder.ts": "b34554456391e71caddbd7fa9135410db15f783371d0d280da481e0499fa0a75",
    "https://deno.land/x/postgrest@1.1.0/src/lib/PostgrestTransformBuilder.ts": "ca55d538d213f84c593f0e92386cdd092aa0dd5daec3fd039cec5372854d9b7b",
    "https://deno.land/x/postgrest@1.1.0/src/lib/constants.ts": "573a8b73d9985a007159cbaff1babbc14a7fee39c3185c52c03292d0244f7bdf",
    "https://deno.land/x/postgrest@1.1.0/src/lib/types.ts": "a81dae9675ef2d58307296038258d934b918db83bfc570f151a14cda2a260b4d",
    "https://deno.land/x/postgrest@1.1.0/src/mod.ts": "de0d415622414fa6286ad6a3f3316fde2e768e0f7b660e21646d27e75b9c0bd2",
    "https://deno.land/x/realtime@1.2.0/mod.ts": "878db4a2be913f69d5c0fd553888b60f34c62841ad051bd4a5144ec813f8f3f3",
    "https://deno.land/x/realtime@1.2.0/src/RealtimeClient.ts": "d02ca6a0116f1f2e9e0436cdb27b61923540645d1fcf538d1c99c692a236078c",
    "https://deno.land/x/realtime@1.2.0/src/RealtimeSubscription.ts": "09811ef6b1df80b35772fb9052bc9186f801728402b435e0555e1f6ce97f3350",
    "https://deno.land/x/realtime@1.2.0/src/index.ts": "81afade42625525638217b2bcf944fbd1cd29151673e2f0090d6a4797e3f29cf",
    "https://deno.land/x/realtime@1.2.0/src/lib/constants.ts": "0ede41b36795854f703eda96d5260e1732e50ec4cbe134b81dadce6ecf053cf7",
    "https://deno.land/x/realtime@1.2.0/src/lib/push.ts": "f6dc8535cb58cfe360eb35ae90bbf805e1678d2b6cefde8ea03d5b813f8e9acc",
    "https://deno.land/x/realtime@1.2.0/src/lib/serializer.ts": "a3c839241029542123fed612c65c0b483e3d7c4faf3dd596efbe0d3b1e825ee6",
    "https://deno.land/x/realtime@1.2.0/src/lib/timer.ts": "c6a72cda7071ae39217941aa5faa38146d861f208b7a9423e1726f45a44b46a4",
    "https://deno.land/x/realtime@1.2.0/src/lib/transformers.ts": "4be824aa14b466c8ed05b3c5a7bfa217174f67474f099b078e854b77de424bd7",
    "https://deno.land/x/storagee@1.3.0/mod.ts": "cac8e55ad9db1ea74f90c1a39bfecee793dc4a02faba5f75a31ca64804ec5d68",
    "https://deno.land/x/storagee@1.3.0/src/SupabaseStorageClient.ts": "b568d022b88272f38a3c67f662ad81be849f2f77d83c5cf5b1cca2dafdab66b3",
    "https://deno.land/x/storagee@1.3.0/src/index.ts": "62a2481f4ee9171f3851e8d6a1e16fdc0ada9f07c7f7a9480f530f138bd085bf",
    "https://deno.land/x/storagee@1.3.0/src/lib/StorageBucketApi.ts": "86559cc71b48b70633345516f89a059ce40416e32dd024b8fb6015055e94643e",
    "https://deno.land/x/storagee@1.3.0/src/lib/StorageFileApi.ts": "172e93ced916127764b7e672ffa78ee4e8119456023aabf726d6ac31b63c0d45",
    "https://deno.land/x/storagee@1.3.0/src/lib/constants.ts": "8937d4bfedb886f30b360af54eaadf85615afcff794335dab81b4803b80699e1",
    "https://deno.land/x/storagee@1.3.0/src/lib/fetch.ts": "d8baf400957b23c6d4c65a1b5182036e7afbdb05df96fdde6b8e57049f81e0f8",
    "https://deno.land/x/storagee@1.3.0/src/lib/index.ts": "618fbbff5e331af2d83a660d8af5efeb3eecbf36cbea7113da62e5cbe19b9ab9",
    "https://deno.land/x/storagee@1.3.0/src/lib/types.ts": "05446bd537640e2b92dd271e055d1a06dea1360a72699cf410d208ae44ac02dd",
    "https://deno.land/x/supabase@1.0.0/mod.ts": "878db4a2be913f69d5c0fd553888b60f34c62841ad051bd4a5144ec813f8f3f3",
    "https://deno.land/x/supabase@1.0.0/src/SupabaseClient.ts": "7658768d8d644645d7f7e93c729569db2d90599b8e8688f50e0141f74f8fc532",
    "https://deno.land/x/supabase@1.0.0/src/index.ts": "9d70de4811c1afa8b7c10e1e16b403b60cc0f1db130a4198dd1369d76fde11d9",
    "https://deno.land/x/supabase@1.0.0/src/lib/SupabaseAuthClient.ts": "2019a760394e3e9988bcc42a4364b57606af69da73d08feb52aab21985e4e036",
    "https://deno.land/x/supabase@1.0.0/src/lib/SupabaseQueryBuilder.ts": "02cef10bea20e7debb4d78b22a61495e484073a9a238dd3072288db895bd02bc",
    "https://deno.land/x/supabase@1.0.0/src/lib/SupabaseRealtimeClient.ts": "d2eb2651fd02dba229dc0b72f8580679045bcc9fe397fb1a7e96272a5aac7d33",
    "https://deno.land/x/supabase@1.0.0/src/lib/constants.ts": "490234b15b9b919ee2b8cb0c90024d458d1ea0031835d61b988f38d696ade4f8",
    "https://deno.land/x/supabase@1.0.0/src/lib/types.ts": "2d71888af679e5fb09ed62f04093bffabb23d6d2672cabd592f08d92030cc6ef"
  },
  "workspace": {
    "packageJson": {
      "dependencies": [
        "npm:@aspnet/signalr@1.0.27",
        "npm:@devextreme/runtime@3.0.13",
        "npm:@eslint/js@^9.11.1",
        "npm:@microsoft/signalr@^8.0.7",
        "npm:@supabase/auth-helpers-nextjs@^0.10.0",
        "npm:@supabase/ssr@^0.5.1",
        "npm:@supabase/supabase-js@^2.45.4",
        "npm:@types/node@^20",
        "npm:@types/react-dom@^18",
        "npm:@types/react@^18",
        "npm:@typescript-eslint/eslint-plugin@^8.7.0",
        "npm:axios@^1.7.7",
        "npm:devexpress-diagram@2.2.11",
        "npm:devexpress-gantt@4.1.56",
        "npm:devextreme-cldr-data@1.0.3",
        "npm:devextreme-quill@1.7.1",
        "npm:devextreme-react@^24.1.6",
        "npm:devextreme@^24.1.6",
        "npm:es6-object-assign@1.1.0",
        "npm:eslint-config-next@14.2.13",
        "npm:eslint-plugin-prettier@^5.2.1",
        "npm:eslint-plugin-react-hooks@^4.6.2",
        "npm:eslint-plugin-react-refresh@^0.4.12",
        "npm:eslint-plugin-tailwindcss@^3.17.4",
        "npm:eslint@^8",
        "npm:globals@^15.9.0",
        "npm:inferno-clone-vnode@latest",
        "npm:inferno-compat@latest",
        "npm:inferno-create-class@latest",
        "npm:inferno-create-element@7.4.11",
        "npm:inferno-dom@latest",
        "npm:inferno-extras@latest",
        "npm:inferno-hydrate@7.4.11",
        "npm:inferno@7.4.11",
        "npm:jszip@3.10.1",
        "npm:luxon@1.28.1",
        "npm:next@14.2.13",
        "npm:node-fetch@^3.3.2",
        "npm:postcss@^8",
        "npm:prettier@^3.3.3",
        "npm:prop-types@15.8.1",
        "npm:react-dom@^18",
        "npm:react@^18",
        "npm:rrule@2.6.4",
        "npm:supabase@^1.202.3",
        "npm:tailwindcss@^3.4.1",
        "npm:tslib@2.6.1",
        "npm:typescript@^5",
        "npm:zustand@^5.0.0-rc.2"
      ]
    }
  }
}
